// !$*UTF8*$!
{
	archiveVersion = 1;
	classes = {
	};
	objectVersion = 56;
	objects = {

/* Begin PBXBuildFile section */
		7492BE4A2B0FFF34004AEE05 /* AppDelegate.swift in Sources */ = {isa = PBXBuildFile; fileRef = 7492BE492B0FFF34004AEE05 /* AppDelegate.swift */; };
		7492BE4C2B0FFF34004AEE05 /* SceneDelegate.swift in Sources */ = {isa = PBXBuildFile; fileRef = 7492BE4B2B0FFF34004AEE05 /* SceneDelegate.swift */; };
		7492BE4E2B0FFF34004AEE05 /* AuthViewController.swift in Sources */ = {isa = PBXBuildFile; fileRef = 7492BE4D2B0FFF34004AEE05 /* AuthViewController.swift */; };
		7492BE532B0FFF36004AEE05 /* Assets.xcassets in Resources */ = {isa = PBXBuildFile; fileRef = 7492BE522B0FFF36004AEE05 /* Assets.xcassets */; };
		7492BE562B0FFF36004AEE05 /* LaunchScreen.storyboard in Resources */ = {isa = PBXBuildFile; fileRef = 7492BE542B0FFF36004AEE05 /* LaunchScreen.storyboard */; };
		7492BE612B1003A5004AEE05 /* ViewButton + Label.swift in Sources */ = {isa = PBXBuildFile; fileRef = 7492BE602B1003A5004AEE05 /* ViewButton + Label.swift */; };
		7492BE692B1003D2004AEE05 /* UIColor + Ext.swift in Sources */ = {isa = PBXBuildFile; fileRef = 7492BE632B1003D1004AEE05 /* UIColor + Ext.swift */; };
		7492BE6A2B1003D2004AEE05 /* UILabel + Ext.swift in Sources */ = {isa = PBXBuildFile; fileRef = 7492BE642B1003D1004AEE05 /* UILabel + Ext.swift */; };
		7492BE6B2B1003D2004AEE05 /* UIFont + Ext.swift in Sources */ = {isa = PBXBuildFile; fileRef = 7492BE652B1003D1004AEE05 /* UIFont + Ext.swift */; };
		7492BE6C2B1003D2004AEE05 /* UIButton + Ext.swift in Sources */ = {isa = PBXBuildFile; fileRef = 7492BE662B1003D1004AEE05 /* UIButton + Ext.swift */; };
		7492BE6D2B1003D2004AEE05 /* UIImage + Ext.swift in Sources */ = {isa = PBXBuildFile; fileRef = 7492BE672B1003D1004AEE05 /* UIImage + Ext.swift */; };
		7492BE6E2B1003D2004AEE05 /* UIStackView + Ext.swift in Sources */ = {isa = PBXBuildFile; fileRef = 7492BE682B1003D2004AEE05 /* UIStackView + Ext.swift */; };
/* End PBXBuildFile section */

/* Begin PBXFileReference section */
		7492BE462B0FFF34004AEE05 /* MySocialCircle.app */ = {isa = PBXFileReference; explicitFileType = wrapper.application; includeInIndex = 0; path = MySocialCircle.app; sourceTree = BUILT_PRODUCTS_DIR; };
		7492BE492B0FFF34004AEE05 /* AppDelegate.swift */ = {isa = PBXFileReference; lastKnownFileType = sourcecode.swift; path = AppDelegate.swift; sourceTree = "<group>"; };
		7492BE4B2B0FFF34004AEE05 /* SceneDelegate.swift */ = {isa = PBXFileReference; lastKnownFileType = sourcecode.swift; path = SceneDelegate.swift; sourceTree = "<group>"; };
		7492BE4D2B0FFF34004AEE05 /* AuthViewController.swift */ = {isa = PBXFileReference; lastKnownFileType = sourcecode.swift; path = AuthViewController.swift; sourceTree = "<group>"; };
		7492BE522B0FFF36004AEE05 /* Assets.xcassets */ = {isa = PBXFileReference; lastKnownFileType = folder.assetcatalog; path = Assets.xcassets; sourceTree = "<group>"; };
		7492BE552B0FFF36004AEE05 /* Base */ = {isa = PBXFileReference; lastKnownFileType = file.storyboard; name = Base; path = Base.lproj/LaunchScreen.storyboard; sourceTree = "<group>"; };
		7492BE572B0FFF36004AEE05 /* Info.plist */ = {isa = PBXFileReference; lastKnownFileType = text.plist.xml; path = Info.plist; sourceTree = "<group>"; };
		7492BE602B1003A5004AEE05 /* ViewButton + Label.swift */ = {isa = PBXFileReference; lastKnownFileType = sourcecode.swift; path = "ViewButton + Label.swift"; sourceTree = "<group>"; };
		7492BE632B1003D1004AEE05 /* UIColor + Ext.swift */ = {isa = PBXFileReference; fileEncoding = 4; lastKnownFileType = sourcecode.swift; path = "UIColor + Ext.swift"; sourceTree = "<group>"; };
		7492BE642B1003D1004AEE05 /* UILabel + Ext.swift */ = {isa = PBXFileReference; fileEncoding = 4; lastKnownFileType = sourcecode.swift; path = "UILabel + Ext.swift"; sourceTree = "<group>"; };
		7492BE652B1003D1004AEE05 /* UIFont + Ext.swift */ = {isa = PBXFileReference; fileEncoding = 4; lastKnownFileType = sourcecode.swift; path = "UIFont + Ext.swift"; sourceTree = "<group>"; };
		7492BE662B1003D1004AEE05 /* UIButton + Ext.swift */ = {isa = PBXFileReference; fileEncoding = 4; lastKnownFileType = sourcecode.swift; path = "UIButton + Ext.swift"; sourceTree = "<group>"; };
		7492BE672B1003D1004AEE05 /* UIImage + Ext.swift */ = {isa = PBXFileReference; fileEncoding = 4; lastKnownFileType = sourcecode.swift; path = "UIImage + Ext.swift"; sourceTree = "<group>"; };
		7492BE682B1003D2004AEE05 /* UIStackView + Ext.swift */ = {isa = PBXFileReference; fileEncoding = 4; lastKnownFileType = sourcecode.swift; path = "UIStackView + Ext.swift"; sourceTree = "<group>"; };
/* End PBXFileReference section */

/* Begin PBXFrameworksBuildPhase section */
		7492BE432B0FFF34004AEE05 /* Frameworks */ = {
			isa = PBXFrameworksBuildPhase;
			buildActionMask = 2147483647;
			files = (
			);
			runOnlyForDeploymentPostprocessing = 0;
		};
/* End PBXFrameworksBuildPhase section */

/* Begin PBXGroup section */
		7492BE3D2B0FFF34004AEE05 = {
			isa = PBXGroup;
			children = (
				7492BE482B0FFF34004AEE05 /* MySocialCircle */,
				7492BE472B0FFF34004AEE05 /* Products */,
			);
			sourceTree = "<group>";
		};
		7492BE472B0FFF34004AEE05 /* Products */ = {
			isa = PBXGroup;
			children = (
				7492BE462B0FFF34004AEE05 /* MySocialCircle.app */,
			);
			name = Products;
			sourceTree = "<group>";
		};
		7492BE482B0FFF34004AEE05 /* MySocialCircle */ = {
			isa = PBXGroup;
			children = (
				7492BE5F2B100381004AEE05 /* Extention */,
				7492BE5D2B0FFF81004AEE05 /* Application */,
				7492BE4D2B0FFF34004AEE05 /* AuthViewController.swift */,
				7492BE5E2B0FFFBD004AEE05 /* Resources */,
			);
			path = MySocialCircle;
			sourceTree = "<group>";
		};
		7492BE5D2B0FFF81004AEE05 /* Application */ = {
			isa = PBXGroup;
			children = (
				7492BE492B0FFF34004AEE05 /* AppDelegate.swift */,
				7492BE4B2B0FFF34004AEE05 /* SceneDelegate.swift */,
			);
			path = Application;
			sourceTree = "<group>";
		};
		7492BE5E2B0FFFBD004AEE05 /* Resources */ = {
			isa = PBXGroup;
			children = (
				7492BE522B0FFF36004AEE05 /* Assets.xcassets */,
				7492BE542B0FFF36004AEE05 /* LaunchScreen.storyboard */,
				7492BE572B0FFF36004AEE05 /* Info.plist */,
			);
			path = Resources;
			sourceTree = "<group>";
		};
		7492BE5F2B100381004AEE05 /* Extention */ = {
			isa = PBXGroup;
			children = (
				7492BE622B1003B6004AEE05 /* UIKit */,
				7492BE602B1003A5004AEE05 /* ViewButton + Label.swift */,
			);
			path = Extention;
			sourceTree = "<group>";
		};
		7492BE622B1003B6004AEE05 /* UIKit */ = {
			isa = PBXGroup;
			children = (
				7492BE662B1003D1004AEE05 /* UIButton + Ext.swift */,
				7492BE632B1003D1004AEE05 /* UIColor + Ext.swift */,
				7492BE652B1003D1004AEE05 /* UIFont + Ext.swift */,
				7492BE672B1003D1004AEE05 /* UIImage + Ext.swift */,
				7492BE642B1003D1004AEE05 /* UILabel + Ext.swift */,
				7492BE682B1003D2004AEE05 /* UIStackView + Ext.swift */,
			);
			path = UIKit;
			sourceTree = "<group>";
		};
/* End PBXGroup section */

/* Begin PBXNativeTarget section */
		7492BE452B0FFF34004AEE05 /* MySocialCircle */ = {
			isa = PBXNativeTarget;
			buildConfigurationList = 7492BE5A2B0FFF36004AEE05 /* Build configuration list for PBXNativeTarget "MySocialCircle" */;
			buildPhases = (
				7492BE422B0FFF34004AEE05 /* Sources */,
				7492BE432B0FFF34004AEE05 /* Frameworks */,
				7492BE442B0FFF34004AEE05 /* Resources */,
			);
			buildRules = (
			);
			dependencies = (
			);
			name = MySocialCircle;
			productName = MySocialCircle;
			productReference = 7492BE462B0FFF34004AEE05 /* MySocialCircle.app */;
			productType = "com.apple.product-type.application";
		};
/* End PBXNativeTarget section */

/* Begin PBXProject section */
		7492BE3E2B0FFF34004AEE05 /* Project object */ = {
			isa = PBXProject;
			attributes = {
				BuildIndependentTargetsInParallel = 1;
				LastSwiftUpdateCheck = 1500;
				LastUpgradeCheck = 1500;
				TargetAttributes = {
					7492BE452B0FFF34004AEE05 = {
						CreatedOnToolsVersion = 15.0.1;
					};
				};
			};
			buildConfigurationList = 7492BE412B0FFF34004AEE05 /* Build configuration list for PBXProject "MySocialCircle" */;
			compatibilityVersion = "Xcode 14.0";
			developmentRegion = en;
			hasScannedForEncodings = 0;
			knownRegions = (
				en,
				Base,
			);
			mainGroup = 7492BE3D2B0FFF34004AEE05;
			productRefGroup = 7492BE472B0FFF34004AEE05 /* Products */;
			projectDirPath = "";
			projectRoot = "";
			targets = (
				7492BE452B0FFF34004AEE05 /* MySocialCircle */,
			);
		};
/* End PBXProject section */

/* Begin PBXResourcesBuildPhase section */
		7492BE442B0FFF34004AEE05 /* Resources */ = {
			isa = PBXResourcesBuildPhase;
			buildActionMask = 2147483647;
			files = (
				7492BE562B0FFF36004AEE05 /* LaunchScreen.storyboard in Resources */,
				7492BE532B0FFF36004AEE05 /* Assets.xcassets in Resources */,
			);
			runOnlyForDeploymentPostprocessing = 0;
		};
/* End PBXResourcesBuildPhase section */

/* Begin PBXSourcesBuildPhase section */
		7492BE422B0FFF34004AEE05 /* Sources */ = {
			isa = PBXSourcesBuildPhase;
			buildActionMask = 2147483647;
			files = (
				7492BE6A2B1003D2004AEE05 /* UILabel + Ext.swift in Sources */,
				7492BE4E2B0FFF34004AEE05 /* AuthViewController.swift in Sources */,
				7492BE612B1003A5004AEE05 /* ViewButton + Label.swift in Sources */,
				7492BE6D2B1003D2004AEE05 /* UIImage + Ext.swift in Sources */,
				7492BE6B2B1003D2004AEE05 /* UIFont + Ext.swift in Sources */,
				7492BE692B1003D2004AEE05 /* UIColor + Ext.swift in Sources */,
				7492BE6C2B1003D2004AEE05 /* UIButton + Ext.swift in Sources */,
				7492BE6E2B1003D2004AEE05 /* UIStackView + Ext.swift in Sources */,
				7492BE4A2B0FFF34004AEE05 /* AppDelegate.swift in Sources */,
				7492BE4C2B0FFF34004AEE05 /* SceneDelegate.swift in Sources */,
			);
			runOnlyForDeploymentPostprocessing = 0;
		};
/* End PBXSourcesBuildPhase section */

/* Begin PBXVariantGroup section */
		7492BE542B0FFF36004AEE05 /* LaunchScreen.storyboard */ = {
			isa = PBXVariantGroup;
			children = (
				7492BE552B0FFF36004AEE05 /* Base */,
			);
			name = LaunchScreen.storyboard;
			sourceTree = "<group>";
		};
/* End PBXVariantGroup section */

/* Begin XCBuildConfiguration section */
		7492BE582B0FFF36004AEE05 /* Debug */ = {
			isa = XCBuildConfiguration;
			buildSettings = {
				ALWAYS_SEARCH_USER_PATHS = NO;
				ASSETCATALOG_COMPILER_GENERATE_SWIFT_ASSET_SYMBOL_EXTENSIONS = YES;
				CLANG_ANALYZER_NONNULL = YES;
				CLANG_ANALYZER_NUMBER_OBJECT_CONVERSION = YES_AGGRESSIVE;
				CLANG_CXX_LANGUAGE_STANDARD = "gnu++20";
				CLANG_ENABLE_MODULES = YES;
				CLANG_ENABLE_OBJC_ARC = YES;
				CLANG_ENABLE_OBJC_WEAK = YES;
				CLANG_WARN_BLOCK_CAPTURE_AUTORELEASING = YES;
				CLANG_WARN_BOOL_CONVERSION = YES;
				CLANG_WARN_COMMA = YES;
				CLANG_WARN_CONSTANT_CONVERSION = YES;
				CLANG_WARN_DEPRECATED_OBJC_IMPLEMENTATIONS = YES;
				CLANG_WARN_DIRECT_OBJC_ISA_USAGE = YES_ERROR;
				CLANG_WARN_DOCUMENTATION_COMMENTS = YES;
				CLANG_WARN_EMPTY_BODY = YES;
				CLANG_WARN_ENUM_CONVERSION = YES;
				CLANG_WARN_INFINITE_RECURSION = YES;
				CLANG_WARN_INT_CONVERSION = YES;
				CLANG_WARN_NON_LITERAL_NULL_CONVERSION = YES;
				CLANG_WARN_OBJC_IMPLICIT_RETAIN_SELF = YES;
				CLANG_WARN_OBJC_LITERAL_CONVERSION = YES;
				CLANG_WARN_OBJC_ROOT_CLASS = YES_ERROR;
				CLANG_WARN_QUOTED_INCLUDE_IN_FRAMEWORK_HEADER = YES;
				CLANG_WARN_RANGE_LOOP_ANALYSIS = YES;
				CLANG_WARN_STRICT_PROTOTYPES = YES;
				CLANG_WARN_SUSPICIOUS_MOVE = YES;
				CLANG_WARN_UNGUARDED_AVAILABILITY = YES_AGGRESSIVE;
				CLANG_WARN_UNREACHABLE_CODE = YES;
				CLANG_WARN__DUPLICATE_METHOD_MATCH = YES;
				COPY_PHASE_STRIP = NO;
				DEBUG_INFORMATION_FORMAT = dwarf;
				ENABLE_STRICT_OBJC_MSGSEND = YES;
				ENABLE_TESTABILITY = YES;
				ENABLE_USER_SCRIPT_SANDBOXING = YES;
				GCC_C_LANGUAGE_STANDARD = gnu17;
				GCC_DYNAMIC_NO_PIC = NO;
				GCC_NO_COMMON_BLOCKS = YES;
				GCC_OPTIMIZATION_LEVEL = 0;
				GCC_PREPROCESSOR_DEFINITIONS = (
					"DEBUG=1",
					"$(inherited)",
				);
				GCC_WARN_64_TO_32_BIT_CONVERSION = YES;
				GCC_WARN_ABOUT_RETURN_TYPE = YES_ERROR;
				GCC_WARN_UNDECLARED_SELECTOR = YES;
				GCC_WARN_UNINITIALIZED_AUTOS = YES_AGGRESSIVE;
				GCC_WARN_UNUSED_FUNCTION = YES;
				GCC_WARN_UNUSED_VARIABLE = YES;
				IPHONEOS_DEPLOYMENT_TARGET = 17.0;
				LOCALIZATION_PREFERS_STRING_CATALOGS = YES;
				MTL_ENABLE_DEBUG_INFO = INCLUDE_SOURCE;
				MTL_FAST_MATH = YES;
				ONLY_ACTIVE_ARCH = YES;
				SDKROOT = iphoneos;
				SWIFT_ACTIVE_COMPILATION_CONDITIONS = "DEBUG $(inherited)";
				SWIFT_OPTIMIZATION_LEVEL = "-Onone";
			};
			name = Debug;
		};
		7492BE592B0FFF36004AEE05 /* Release */ = {
			isa = XCBuildConfiguration;
			buildSettings = {
				ALWAYS_SEARCH_USER_PATHS = NO;
				ASSETCATALOG_COMPILER_GENERATE_SWIFT_ASSET_SYMBOL_EXTENSIONS = YES;
				CLANG_ANALYZER_NONNULL = YES;
				CLANG_ANALYZER_NUMBER_OBJECT_CONVERSION = YES_AGGRESSIVE;
				CLANG_CXX_LANGUAGE_STANDARD = "gnu++20";
				CLANG_ENABLE_MODULES = YES;
				CLANG_ENABLE_OBJC_ARC = YES;
				CLANG_ENABLE_OBJC_WEAK = YES;
				CLANG_WARN_BLOCK_CAPTURE_AUTORELEASING = YES;
				CLANG_WARN_BOOL_CONVERSION = YES;
				CLANG_WARN_COMMA = YES;
				CLANG_WARN_CONSTANT_CONVERSION = YES;
				CLANG_WARN_DEPRECATED_OBJC_IMPLEMENTATIONS = YES;
				CLANG_WARN_DIRECT_OBJC_ISA_USAGE = YES_ERROR;
				CLANG_WARN_DOCUMENTATION_COMMENTS = YES;
				CLANG_WARN_EMPTY_BODY = YES;
				CLANG_WARN_ENUM_CONVERSION = YES;
				CLANG_WARN_INFINITE_RECURSION = YES;
				CLANG_WARN_INT_CONVERSION = YES;
				CLANG_WARN_NON_LITERAL_NULL_CONVERSION = YES;
				CLANG_WARN_OBJC_IMPLICIT_RETAIN_SELF = YES;
				CLANG_WARN_OBJC_LITERAL_CONVERSION = YES;
				CLANG_WARN_OBJC_ROOT_CLASS = YES_ERROR;
				CLANG_WARN_QUOTED_INCLUDE_IN_FRAMEWORK_HEADER = YES;
				CLANG_WARN_RANGE_LOOP_ANALYSIS = YES;
				CLANG_WARN_STRICT_PROTOTYPES = YES;
				CLANG_WARN_SUSPICIOUS_MOVE = YES;
				CLANG_WARN_UNGUARDED_AVAILABILITY = YES_AGGRESSIVE;
				CLANG_WARN_UNREACHABLE_CODE = YES;
				CLANG_WARN__DUPLICATE_METHOD_MATCH = YES;
				COPY_PHASE_STRIP = NO;
				DEBUG_INFORMATION_FORMAT = "dwarf-with-dsym";
				ENABLE_NS_ASSERTIONS = NO;
				ENABLE_STRICT_OBJC_MSGSEND = YES;
				ENABLE_USER_SCRIPT_SANDBOXING = YES;
				GCC_C_LANGUAGE_STANDARD = gnu17;
				GCC_NO_COMMON_BLOCKS = YES;
				GCC_WARN_64_TO_32_BIT_CONVERSION = YES;
				GCC_WARN_ABOUT_RETURN_TYPE = YES_ERROR;
				GCC_WARN_UNDECLARED_SELECTOR = YES;
				GCC_WARN_UNINITIALIZED_AUTOS = YES_AGGRESSIVE;
				GCC_WARN_UNUSED_FUNCTION = YES;
				GCC_WARN_UNUSED_VARIABLE = YES;
				IPHONEOS_DEPLOYMENT_TARGET = 17.0;
				LOCALIZATION_PREFERS_STRING_CATALOGS = YES;
				MTL_ENABLE_DEBUG_INFO = NO;
				MTL_FAST_MATH = YES;
				SDKROOT = iphoneos;
				SWIFT_COMPILATION_MODE = wholemodule;
				VALIDATE_PRODUCT = YES;
			};
			name = Release;
		};
		7492BE5B2B0FFF36004AEE05 /* Debug */ = {
			isa = XCBuildConfiguration;
			buildSettings = {
				ASSETCATALOG_COMPILER_APPICON_NAME = AppIcon;
				ASSETCATALOG_COMPILER_GLOBAL_ACCENT_COLOR_NAME = AccentColor;
				CODE_SIGN_STYLE = Automatic;
				CURRENT_PROJECT_VERSION = 1;
				DEVELOPMENT_TEAM = 7S58P9LH7H;
				GENERATE_INFOPLIST_FILE = YES;
				INFOPLIST_FILE = MySocialCircle/Resources/Info.plist;
				INFOPLIST_KEY_UIApplicationSupportsIndirectInputEvents = YES;
				INFOPLIST_KEY_UILaunchStoryboardName = LaunchScreen;
				INFOPLIST_KEY_UISupportedInterfaceOrientations = UIInterfaceOrientationPortrait;
				INFOPLIST_KEY_UISupportedInterfaceOrientations_iPad = "UIInterfaceOrientationLandscapeLeft UIInterfaceOrientationLandscapeRight UIInterfaceOrientationPortrait UIInterfaceOrientationPortraitUpsideDown";
				LD_RUNPATH_SEARCH_PATHS = (
					"$(inherited)",
					"@executable_path/Frameworks",
				);
				MARKETING_VERSION = 1.0;
				PRODUCT_BUNDLE_IDENTIFIER = com.romanKarasev.MySocialCircle;
				PRODUCT_NAME = "$(TARGET_NAME)";
				SWIFT_EMIT_LOC_STRINGS = YES;
				SWIFT_VERSION = 5.0;
				TARGETED_DEVICE_FAMILY = "1,2";
			};
			name = Debug;
		};
		7492BE5C2B0FFF36004AEE05 /* Release */ = {
			isa = XCBuildConfiguration;
			buildSettings = {
				ASSETCATALOG_COMPILER_APPICON_NAME = AppIcon;
				ASSETCATALOG_COMPILER_GLOBAL_ACCENT_COLOR_NAME = AccentColor;
				CODE_SIGN_STYLE = Automatic;
				CURRENT_PROJECT_VERSION = 1;
				DEVELOPMENT_TEAM = 7S58P9LH7H;
				GENERATE_INFOPLIST_FILE = YES;
				INFOPLIST_FILE = MySocialCircle/Resources/Info.plist;
				INFOPLIST_KEY_UIApplicationSupportsIndirectInputEvents = YES;
				INFOPLIST_KEY_UILaunchStoryboardName = LaunchScreen;
				INFOPLIST_KEY_UISupportedInterfaceOrientations = UIInterfaceOrientationPortrait;
				INFOPLIST_KEY_UISupportedInterfaceOrientations_iPad = "UIInterfaceOrientationLandscapeLeft UIInterfaceOrientationLandscapeRight UIInterfaceOrientationPortrait UIInterfaceOrientationPortraitUpsideDown";
				LD_RUNPATH_SEARCH_PATHS = (
					"$(inherited)",
					"@executable_path/Frameworks",
				);
				MARKETING_VERSION = 1.0;
				PRODUCT_BUNDLE_IDENTIFIER = com.romanKarasev.MySocialCircle;
				PRODUCT_NAME = "$(TARGET_NAME)";
				SWIFT_EMIT_LOC_STRINGS = YES;
				SWIFT_VERSION = 5.0;
				TARGETED_DEVICE_FAMILY = "1,2";
			};
			name = Release;
		};
/* End XCBuildConfiguration section */

/* Begin XCConfigurationList section */
		7492BE412B0FFF34004AEE05 /* Build configuration list for PBXProject "MySocialCircle" */ = {
			isa = XCConfigurationList;
			buildConfigurations = (
				7492BE582B0FFF36004AEE05 /* Debug */,
				7492BE592B0FFF36004AEE05 /* Release */,
			);
			defaultConfigurationIsVisible = 0;
			defaultConfigurationName = Release;
		};
		7492BE5A2B0FFF36004AEE05 /* Build configuration list for PBXNativeTarget "MySocialCircle" */ = {
			isa = XCConfigurationList;
			buildConfigurations = (
				7492BE5B2B0FFF36004AEE05 /* Debug */,
				7492BE5C2B0FFF36004AEE05 /* Release */,
			);
			defaultConfigurationIsVisible = 0;
			defaultConfigurationName = Release;
		};
/* End XCConfigurationList section */
	};
	rootObject = 7492BE3E2B0FFF34004AEE05 /* Project object */;
}
