// !$*UTF8*$!
{
	archiveVersion = 1;
	classes = {
	};
	objectVersion = 56;
	objects = {

/* Begin PBXBuildFile section */
		742778BF2B19134F00A942C9 /* activeChats.json in Resources */ = {isa = PBXBuildFile; fileRef = 742778BD2B19134F00A942C9 /* activeChats.json */; };
		742778C02B19134F00A942C9 /* waitingChats.json in Resources */ = {isa = PBXBuildFile; fileRef = 742778BE2B19134F00A942C9 /* waitingChats.json */; };
		742778C22B19143A00A942C9 /* Bundle-Decodable.swift in Sources */ = {isa = PBXBuildFile; fileRef = 742778C12B19143A00A942C9 /* Bundle-Decodable.swift */; };
		742778C42B1915A700A942C9 /* ActiveChatCell.swift in Sources */ = {isa = PBXBuildFile; fileRef = 742778C32B1915A700A942C9 /* ActiveChatCell.swift */; };
		742778C62B1915BC00A942C9 /* WaitingChatCell.swift in Sources */ = {isa = PBXBuildFile; fileRef = 742778C52B1915BC00A942C9 /* WaitingChatCell.swift */; };
		742778C82B1923E200A942C9 /* GradientView.swift in Sources */ = {isa = PBXBuildFile; fileRef = 742778C72B1923E200A942C9 /* GradientView.swift */; };
		742778CA2B1926F100A942C9 /* SelfConfigurationCell.swift in Sources */ = {isa = PBXBuildFile; fileRef = 742778C92B1926F100A942C9 /* SelfConfigurationCell.swift */; };
		742778CE2B19293100A942C9 /* SectionHeader.swift in Sources */ = {isa = PBXBuildFile; fileRef = 742778CD2B19293100A942C9 /* SectionHeader.swift */; };
		7449ED7C2B1CABBE0053C27A /* MChat.swift in Sources */ = {isa = PBXBuildFile; fileRef = 7449ED7B2B1CABBE0053C27A /* MChat.swift */; };
		7449ED7E2B1CABEC0053C27A /* MUser.swift in Sources */ = {isa = PBXBuildFile; fileRef = 7449ED7D2B1CABEC0053C27A /* MUser.swift */; };
		7449ED842B1CB4180053C27A /* users.json in Resources */ = {isa = PBXBuildFile; fileRef = 7449ED832B1CB4180053C27A /* users.json */; };
		7449ED862B1CC11E0053C27A /* UIViewcontroller + Ext.swift in Sources */ = {isa = PBXBuildFile; fileRef = 7449ED852B1CC11E0053C27A /* UIViewcontroller + Ext.swift */; };
		7449ED882B1CC1900053C27A /* UserCell.swift in Sources */ = {isa = PBXBuildFile; fileRef = 7449ED872B1CC1900053C27A /* UserCell.swift */; };
		7449ED8A2B1CCB040053C27A /* ProfileViewController.swift in Sources */ = {isa = PBXBuildFile; fileRef = 7449ED892B1CCB040053C27A /* ProfileViewController.swift */; };
		7449ED8D2B1CCB4F0053C27A /* ProfileView.swift in Sources */ = {isa = PBXBuildFile; fileRef = 7449ED8C2B1CCB4F0053C27A /* ProfileView.swift */; };
		7449ED8F2B1CD1480053C27A /* InsertableTextField.swift in Sources */ = {isa = PBXBuildFile; fileRef = 7449ED8E2B1CD1480053C27A /* InsertableTextField.swift */; };
		7449ED912B1CD18C0053C27A /* UIView + Ext.swift in Sources */ = {isa = PBXBuildFile; fileRef = 7449ED902B1CD18C0053C27A /* UIView + Ext.swift */; };
		7449ED932B1CD63C0053C27A /* BaseProfileAndChatRequestView.swift in Sources */ = {isa = PBXBuildFile; fileRef = 7449ED922B1CD63C0053C27A /* BaseProfileAndChatRequestView.swift */; };
		7449ED952B1CD88E0053C27A /* ChatRequestViewController.swift in Sources */ = {isa = PBXBuildFile; fileRef = 7449ED942B1CD88E0053C27A /* ChatRequestViewController.swift */; };
		7449ED972B1CD8FC0053C27A /* ChatRequestView.swift in Sources */ = {isa = PBXBuildFile; fileRef = 7449ED962B1CD8FC0053C27A /* ChatRequestView.swift */; };
		748047A02B17A28F00096001 /* MaintabBarController.swift in Sources */ = {isa = PBXBuildFile; fileRef = 7480479F2B17A28F00096001 /* MaintabBarController.swift */; };
		748047A22B17A2E600096001 /* PeopleViewController.swift in Sources */ = {isa = PBXBuildFile; fileRef = 748047A12B17A2E600096001 /* PeopleViewController.swift */; };
		748047A42B17A2FC00096001 /* ConversationViewController.swift in Sources */ = {isa = PBXBuildFile; fileRef = 748047A32B17A2FC00096001 /* ConversationViewController.swift */; };
		748588212B111D2A00F72139 /* SegmentedControl + Ext.swift in Sources */ = {isa = PBXBuildFile; fileRef = 748588202B111D2A00F72139 /* SegmentedControl + Ext.swift */; };
		7492BE4A2B0FFF34004AEE05 /* AppDelegate.swift in Sources */ = {isa = PBXBuildFile; fileRef = 7492BE492B0FFF34004AEE05 /* AppDelegate.swift */; };
		7492BE4C2B0FFF34004AEE05 /* SceneDelegate.swift in Sources */ = {isa = PBXBuildFile; fileRef = 7492BE4B2B0FFF34004AEE05 /* SceneDelegate.swift */; };
		7492BE4E2B0FFF34004AEE05 /* AuthViewController.swift in Sources */ = {isa = PBXBuildFile; fileRef = 7492BE4D2B0FFF34004AEE05 /* AuthViewController.swift */; };
		7492BE532B0FFF36004AEE05 /* Assets.xcassets in Resources */ = {isa = PBXBuildFile; fileRef = 7492BE522B0FFF36004AEE05 /* Assets.xcassets */; };
		7492BE562B0FFF36004AEE05 /* LaunchScreen.storyboard in Resources */ = {isa = PBXBuildFile; fileRef = 7492BE542B0FFF36004AEE05 /* LaunchScreen.storyboard */; };
		7492BE612B1003A5004AEE05 /* ViewButton + Label.swift in Sources */ = {isa = PBXBuildFile; fileRef = 7492BE602B1003A5004AEE05 /* ViewButton + Label.swift */; };
		7492BE692B1003D2004AEE05 /* UIColor + Ext.swift in Sources */ = {isa = PBXBuildFile; fileRef = 7492BE632B1003D1004AEE05 /* UIColor + Ext.swift */; };
		7492BE6A2B1003D2004AEE05 /* UILabel + Ext.swift in Sources */ = {isa = PBXBuildFile; fileRef = 7492BE642B1003D1004AEE05 /* UILabel + Ext.swift */; };
		7492BE6B2B1003D2004AEE05 /* UIFont + Ext.swift in Sources */ = {isa = PBXBuildFile; fileRef = 7492BE652B1003D1004AEE05 /* UIFont + Ext.swift */; };
		7492BE6C2B1003D2004AEE05 /* UIButton + Ext.swift in Sources */ = {isa = PBXBuildFile; fileRef = 7492BE662B1003D1004AEE05 /* UIButton + Ext.swift */; };
		7492BE6D2B1003D2004AEE05 /* UIImage + Ext.swift in Sources */ = {isa = PBXBuildFile; fileRef = 7492BE672B1003D1004AEE05 /* UIImage + Ext.swift */; };
		7492BE6E2B1003D2004AEE05 /* UIStackView + Ext.swift in Sources */ = {isa = PBXBuildFile; fileRef = 7492BE682B1003D2004AEE05 /* UIStackView + Ext.swift */; };
		74CA08852B10F07200BEDBF3 /* SignUpViewcontroller.swift in Sources */ = {isa = PBXBuildFile; fileRef = 74CA08842B10F07200BEDBF3 /* SignUpViewcontroller.swift */; };
		74CA08872B10F59600BEDBF3 /* OneLineTextField.swift in Sources */ = {isa = PBXBuildFile; fileRef = 74CA08862B10F59600BEDBF3 /* OneLineTextField.swift */; };
		74CA08892B10F9F500BEDBF3 /* AuthView.swift in Sources */ = {isa = PBXBuildFile; fileRef = 74CA08882B10F9F500BEDBF3 /* AuthView.swift */; };
		74CA088B2B10FC6800BEDBF3 /* SignUpView.swift in Sources */ = {isa = PBXBuildFile; fileRef = 74CA088A2B10FC6700BEDBF3 /* SignUpView.swift */; };
		74CA088D2B11039700BEDBF3 /* LoginViewController.swift in Sources */ = {isa = PBXBuildFile; fileRef = 74CA088C2B11039700BEDBF3 /* LoginViewController.swift */; };
		74CA088F2B1103E900BEDBF3 /* LoginView.swift in Sources */ = {isa = PBXBuildFile; fileRef = 74CA088E2B1103E900BEDBF3 /* LoginView.swift */; };
		74CA08912B110BD900BEDBF3 /* SetupProfileViewController.swift in Sources */ = {isa = PBXBuildFile; fileRef = 74CA08902B110BD900BEDBF3 /* SetupProfileViewController.swift */; };
		74CA08932B110C0000BEDBF3 /* SetupProfileView.swift in Sources */ = {isa = PBXBuildFile; fileRef = 74CA08922B110C0000BEDBF3 /* SetupProfileView.swift */; };
		74CA08962B110C2F00BEDBF3 /* AddPhotoView.swift in Sources */ = {isa = PBXBuildFile; fileRef = 74CA08952B110C2F00BEDBF3 /* AddPhotoView.swift */; };
		74E336932B1CFFCE00B617E8 /* AuthService.swift in Sources */ = {isa = PBXBuildFile; fileRef = 74E336922B1CFFCE00B617E8 /* AuthService.swift */; };
		74E336952B1D08F000B617E8 /* Validator.swift in Sources */ = {isa = PBXBuildFile; fileRef = 74E336942B1D08F000B617E8 /* Validator.swift */; };
		74E336972B1D0CFF00B617E8 /* AuthError.swift in Sources */ = {isa = PBXBuildFile; fileRef = 74E336962B1D0CFF00B617E8 /* AuthError.swift */; };
		74E3369A2B1D136100B617E8 /* AuthNavigationDelegate.swift in Sources */ = {isa = PBXBuildFile; fileRef = 74E336992B1D136100B617E8 /* AuthNavigationDelegate.swift */; };
		74E3369C2B1D1BF100B617E8 /* FirestoreService.swift in Sources */ = {isa = PBXBuildFile; fileRef = 74E3369B2B1D1BF100B617E8 /* FirestoreService.swift */; };
		74E3369E2B1D232200B617E8 /* UserError.swift in Sources */ = {isa = PBXBuildFile; fileRef = 74E3369D2B1D232200B617E8 /* UserError.swift */; };
		74E336A02B1D3C1600B617E8 /* AdSupport.framework in Frameworks */ = {isa = PBXBuildFile; fileRef = 74E3369F2B1D3C1600B617E8 /* AdSupport.framework */; };
		74F630592B1E40A400280333 /* GoogleService-Info.plist in Resources */ = {isa = PBXBuildFile; fileRef = 74F630582B1E40A400280333 /* GoogleService-Info.plist */; };
		BF3B4287FDBAC377665B12A5 /* Pods_MySocialCircle.framework in Frameworks */ = {isa = PBXBuildFile; fileRef = CBCDB24929D890D25B6CE89B /* Pods_MySocialCircle.framework */; };
/* End PBXBuildFile section */

/* Begin PBXFileReference section */
		6C658BCE9F822792CC3376F1 /* Pods-MySocialCircle.debug.xcconfig */ = {isa = PBXFileReference; includeInIndex = 1; lastKnownFileType = text.xcconfig; name = "Pods-MySocialCircle.debug.xcconfig"; path = "Target Support Files/Pods-MySocialCircle/Pods-MySocialCircle.debug.xcconfig"; sourceTree = "<group>"; };
		742778BD2B19134F00A942C9 /* activeChats.json */ = {isa = PBXFileReference; fileEncoding = 4; lastKnownFileType = text.json; path = activeChats.json; sourceTree = "<group>"; };
		742778BE2B19134F00A942C9 /* waitingChats.json */ = {isa = PBXFileReference; fileEncoding = 4; lastKnownFileType = text.json; path = waitingChats.json; sourceTree = "<group>"; };
		742778C12B19143A00A942C9 /* Bundle-Decodable.swift */ = {isa = PBXFileReference; lastKnownFileType = sourcecode.swift; path = "Bundle-Decodable.swift"; sourceTree = "<group>"; };
		742778C32B1915A700A942C9 /* ActiveChatCell.swift */ = {isa = PBXFileReference; lastKnownFileType = sourcecode.swift; path = ActiveChatCell.swift; sourceTree = "<group>"; };
		742778C52B1915BC00A942C9 /* WaitingChatCell.swift */ = {isa = PBXFileReference; lastKnownFileType = sourcecode.swift; path = WaitingChatCell.swift; sourceTree = "<group>"; };
		742778C72B1923E200A942C9 /* GradientView.swift */ = {isa = PBXFileReference; lastKnownFileType = sourcecode.swift; path = GradientView.swift; sourceTree = "<group>"; };
		742778C92B1926F100A942C9 /* SelfConfigurationCell.swift */ = {isa = PBXFileReference; lastKnownFileType = sourcecode.swift; path = SelfConfigurationCell.swift; sourceTree = "<group>"; };
		742778CD2B19293100A942C9 /* SectionHeader.swift */ = {isa = PBXFileReference; lastKnownFileType = sourcecode.swift; path = SectionHeader.swift; sourceTree = "<group>"; };
		7449ED7B2B1CABBE0053C27A /* MChat.swift */ = {isa = PBXFileReference; lastKnownFileType = sourcecode.swift; path = MChat.swift; sourceTree = "<group>"; };
		7449ED7D2B1CABEC0053C27A /* MUser.swift */ = {isa = PBXFileReference; lastKnownFileType = sourcecode.swift; path = MUser.swift; sourceTree = "<group>"; };
		7449ED832B1CB4180053C27A /* users.json */ = {isa = PBXFileReference; fileEncoding = 4; lastKnownFileType = text.json; path = users.json; sourceTree = "<group>"; };
		7449ED852B1CC11E0053C27A /* UIViewcontroller + Ext.swift */ = {isa = PBXFileReference; lastKnownFileType = sourcecode.swift; path = "UIViewcontroller + Ext.swift"; sourceTree = "<group>"; };
		7449ED872B1CC1900053C27A /* UserCell.swift */ = {isa = PBXFileReference; lastKnownFileType = sourcecode.swift; path = UserCell.swift; sourceTree = "<group>"; };
		7449ED892B1CCB040053C27A /* ProfileViewController.swift */ = {isa = PBXFileReference; lastKnownFileType = sourcecode.swift; path = ProfileViewController.swift; sourceTree = "<group>"; };
		7449ED8C2B1CCB4F0053C27A /* ProfileView.swift */ = {isa = PBXFileReference; lastKnownFileType = sourcecode.swift; path = ProfileView.swift; sourceTree = "<group>"; };
		7449ED8E2B1CD1480053C27A /* InsertableTextField.swift */ = {isa = PBXFileReference; lastKnownFileType = sourcecode.swift; path = InsertableTextField.swift; sourceTree = "<group>"; };
		7449ED902B1CD18C0053C27A /* UIView + Ext.swift */ = {isa = PBXFileReference; lastKnownFileType = sourcecode.swift; path = "UIView + Ext.swift"; sourceTree = "<group>"; };
		7449ED922B1CD63C0053C27A /* BaseProfileAndChatRequestView.swift */ = {isa = PBXFileReference; lastKnownFileType = sourcecode.swift; path = BaseProfileAndChatRequestView.swift; sourceTree = "<group>"; };
		7449ED942B1CD88E0053C27A /* ChatRequestViewController.swift */ = {isa = PBXFileReference; lastKnownFileType = sourcecode.swift; path = ChatRequestViewController.swift; sourceTree = "<group>"; };
		7449ED962B1CD8FC0053C27A /* ChatRequestView.swift */ = {isa = PBXFileReference; lastKnownFileType = sourcecode.swift; path = ChatRequestView.swift; sourceTree = "<group>"; };
		7480479F2B17A28F00096001 /* MaintabBarController.swift */ = {isa = PBXFileReference; lastKnownFileType = sourcecode.swift; path = MaintabBarController.swift; sourceTree = "<group>"; };
		748047A12B17A2E600096001 /* PeopleViewController.swift */ = {isa = PBXFileReference; lastKnownFileType = sourcecode.swift; path = PeopleViewController.swift; sourceTree = "<group>"; };
		748047A32B17A2FC00096001 /* ConversationViewController.swift */ = {isa = PBXFileReference; lastKnownFileType = sourcecode.swift; path = ConversationViewController.swift; sourceTree = "<group>"; };
		748588202B111D2A00F72139 /* SegmentedControl + Ext.swift */ = {isa = PBXFileReference; lastKnownFileType = sourcecode.swift; path = "SegmentedControl + Ext.swift"; sourceTree = "<group>"; };
		7492BE462B0FFF34004AEE05 /* MySocialCircle.app */ = {isa = PBXFileReference; explicitFileType = wrapper.application; includeInIndex = 0; path = MySocialCircle.app; sourceTree = BUILT_PRODUCTS_DIR; };
		7492BE492B0FFF34004AEE05 /* AppDelegate.swift */ = {isa = PBXFileReference; lastKnownFileType = sourcecode.swift; path = AppDelegate.swift; sourceTree = "<group>"; };
		7492BE4B2B0FFF34004AEE05 /* SceneDelegate.swift */ = {isa = PBXFileReference; lastKnownFileType = sourcecode.swift; path = SceneDelegate.swift; sourceTree = "<group>"; };
		7492BE4D2B0FFF34004AEE05 /* AuthViewController.swift */ = {isa = PBXFileReference; lastKnownFileType = sourcecode.swift; path = AuthViewController.swift; sourceTree = "<group>"; };
		7492BE522B0FFF36004AEE05 /* Assets.xcassets */ = {isa = PBXFileReference; lastKnownFileType = folder.assetcatalog; path = Assets.xcassets; sourceTree = "<group>"; };
		7492BE552B0FFF36004AEE05 /* Base */ = {isa = PBXFileReference; lastKnownFileType = file.storyboard; name = Base; path = Base.lproj/LaunchScreen.storyboard; sourceTree = "<group>"; };
		7492BE572B0FFF36004AEE05 /* Info.plist */ = {isa = PBXFileReference; lastKnownFileType = text.plist.xml; path = Info.plist; sourceTree = "<group>"; };
		7492BE602B1003A5004AEE05 /* ViewButton + Label.swift */ = {isa = PBXFileReference; lastKnownFileType = sourcecode.swift; path = "ViewButton + Label.swift"; sourceTree = "<group>"; };
		7492BE632B1003D1004AEE05 /* UIColor + Ext.swift */ = {isa = PBXFileReference; fileEncoding = 4; lastKnownFileType = sourcecode.swift; path = "UIColor + Ext.swift"; sourceTree = "<group>"; };
		7492BE642B1003D1004AEE05 /* UILabel + Ext.swift */ = {isa = PBXFileReference; fileEncoding = 4; lastKnownFileType = sourcecode.swift; path = "UILabel + Ext.swift"; sourceTree = "<group>"; };
		7492BE652B1003D1004AEE05 /* UIFont + Ext.swift */ = {isa = PBXFileReference; fileEncoding = 4; lastKnownFileType = sourcecode.swift; path = "UIFont + Ext.swift"; sourceTree = "<group>"; };
		7492BE662B1003D1004AEE05 /* UIButton + Ext.swift */ = {isa = PBXFileReference; fileEncoding = 4; lastKnownFileType = sourcecode.swift; path = "UIButton + Ext.swift"; sourceTree = "<group>"; };
		7492BE672B1003D1004AEE05 /* UIImage + Ext.swift */ = {isa = PBXFileReference; fileEncoding = 4; lastKnownFileType = sourcecode.swift; path = "UIImage + Ext.swift"; sourceTree = "<group>"; };
		7492BE682B1003D2004AEE05 /* UIStackView + Ext.swift */ = {isa = PBXFileReference; fileEncoding = 4; lastKnownFileType = sourcecode.swift; path = "UIStackView + Ext.swift"; sourceTree = "<group>"; };
		74CA08842B10F07200BEDBF3 /* SignUpViewcontroller.swift */ = {isa = PBXFileReference; lastKnownFileType = sourcecode.swift; path = SignUpViewcontroller.swift; sourceTree = "<group>"; };
		74CA08862B10F59600BEDBF3 /* OneLineTextField.swift */ = {isa = PBXFileReference; lastKnownFileType = sourcecode.swift; path = OneLineTextField.swift; sourceTree = "<group>"; };
		74CA08882B10F9F500BEDBF3 /* AuthView.swift */ = {isa = PBXFileReference; lastKnownFileType = sourcecode.swift; path = AuthView.swift; sourceTree = "<group>"; };
		74CA088A2B10FC6700BEDBF3 /* SignUpView.swift */ = {isa = PBXFileReference; lastKnownFileType = sourcecode.swift; path = SignUpView.swift; sourceTree = "<group>"; };
		74CA088C2B11039700BEDBF3 /* LoginViewController.swift */ = {isa = PBXFileReference; lastKnownFileType = sourcecode.swift; path = LoginViewController.swift; sourceTree = "<group>"; };
		74CA088E2B1103E900BEDBF3 /* LoginView.swift */ = {isa = PBXFileReference; lastKnownFileType = sourcecode.swift; path = LoginView.swift; sourceTree = "<group>"; };
		74CA08902B110BD900BEDBF3 /* SetupProfileViewController.swift */ = {isa = PBXFileReference; lastKnownFileType = sourcecode.swift; path = SetupProfileViewController.swift; sourceTree = "<group>"; };
		74CA08922B110C0000BEDBF3 /* SetupProfileView.swift */ = {isa = PBXFileReference; lastKnownFileType = sourcecode.swift; path = SetupProfileView.swift; sourceTree = "<group>"; };
		74CA08952B110C2F00BEDBF3 /* AddPhotoView.swift */ = {isa = PBXFileReference; lastKnownFileType = sourcecode.swift; path = AddPhotoView.swift; sourceTree = "<group>"; };
		74E336922B1CFFCE00B617E8 /* AuthService.swift */ = {isa = PBXFileReference; lastKnownFileType = sourcecode.swift; path = AuthService.swift; sourceTree = "<group>"; };
		74E336942B1D08F000B617E8 /* Validator.swift */ = {isa = PBXFileReference; lastKnownFileType = sourcecode.swift; path = Validator.swift; sourceTree = "<group>"; };
		74E336962B1D0CFF00B617E8 /* AuthError.swift */ = {isa = PBXFileReference; lastKnownFileType = sourcecode.swift; path = AuthError.swift; sourceTree = "<group>"; };
		74E336992B1D136100B617E8 /* AuthNavigationDelegate.swift */ = {isa = PBXFileReference; lastKnownFileType = sourcecode.swift; path = AuthNavigationDelegate.swift; sourceTree = "<group>"; };
		74E3369B2B1D1BF100B617E8 /* FirestoreService.swift */ = {isa = PBXFileReference; lastKnownFileType = sourcecode.swift; path = FirestoreService.swift; sourceTree = "<group>"; };
		74E3369D2B1D232200B617E8 /* UserError.swift */ = {isa = PBXFileReference; lastKnownFileType = sourcecode.swift; path = UserError.swift; sourceTree = "<group>"; };
		74E3369F2B1D3C1600B617E8 /* AdSupport.framework */ = {isa = PBXFileReference; lastKnownFileType = wrapper.framework; name = AdSupport.framework; path = System/Library/Frameworks/AdSupport.framework; sourceTree = SDKROOT; };
		74F630582B1E40A400280333 /* GoogleService-Info.plist */ = {isa = PBXFileReference; fileEncoding = 4; lastKnownFileType = text.plist.xml; name = "GoogleService-Info.plist"; path = "../../../../../../../../Downloads/GoogleService-Info.plist"; sourceTree = "<group>"; };
		BAB588CB8C1683541CECE58D /* Pods-MySocialCircle.release.xcconfig */ = {isa = PBXFileReference; includeInIndex = 1; lastKnownFileType = text.xcconfig; name = "Pods-MySocialCircle.release.xcconfig"; path = "Target Support Files/Pods-MySocialCircle/Pods-MySocialCircle.release.xcconfig"; sourceTree = "<group>"; };
		CBCDB24929D890D25B6CE89B /* Pods_MySocialCircle.framework */ = {isa = PBXFileReference; explicitFileType = wrapper.framework; includeInIndex = 0; path = Pods_MySocialCircle.framework; sourceTree = BUILT_PRODUCTS_DIR; };
/* End PBXFileReference section */

/* Begin PBXFrameworksBuildPhase section */
		7492BE432B0FFF34004AEE05 /* Frameworks */ = {
			isa = PBXFrameworksBuildPhase;
			buildActionMask = 2147483647;
			files = (
				74E336A02B1D3C1600B617E8 /* AdSupport.framework in Frameworks */,
				BF3B4287FDBAC377665B12A5 /* Pods_MySocialCircle.framework in Frameworks */,
			);
			runOnlyForDeploymentPostprocessing = 0;
		};
/* End PBXFrameworksBuildPhase section */

/* Begin PBXGroup section */
		6F4AFEA96911EEC7EAF1BA8D /* Pods */ = {
			isa = PBXGroup;
			children = (
				6C658BCE9F822792CC3376F1 /* Pods-MySocialCircle.debug.xcconfig */,
				BAB588CB8C1683541CECE58D /* Pods-MySocialCircle.release.xcconfig */,
			);
			path = Pods;
			sourceTree = "<group>";
		};
		742778CB2B19271800A942C9 /* Protocols */ = {
			isa = PBXGroup;
			children = (
				742778C92B1926F100A942C9 /* SelfConfigurationCell.swift */,
				74E336992B1D136100B617E8 /* AuthNavigationDelegate.swift */,
			);
			path = Protocols;
			sourceTree = "<group>";
		};
		742778CC2B19284600A942C9 /* Cells */ = {
			isa = PBXGroup;
			children = (
				742778C32B1915A700A942C9 /* ActiveChatCell.swift */,
				742778C52B1915BC00A942C9 /* WaitingChatCell.swift */,
				7449ED872B1CC1900053C27A /* UserCell.swift */,
			);
			path = Cells;
			sourceTree = "<group>";
		};
		7449ED792B1CAB6B0053C27A /* Headers */ = {
			isa = PBXGroup;
			children = (
				742778CD2B19293100A942C9 /* SectionHeader.swift */,
			);
			path = Headers;
			sourceTree = "<group>";
		};
		7449ED7A2B1CABAD0053C27A /* Models */ = {
			isa = PBXGroup;
			children = (
				7449ED7B2B1CABBE0053C27A /* MChat.swift */,
				7449ED7D2B1CABEC0053C27A /* MUser.swift */,
			);
			path = Models;
			sourceTree = "<group>";
		};
		7449ED8B2B1CCB380053C27A /* Views */ = {
			isa = PBXGroup;
			children = (
				7449ED8C2B1CCB4F0053C27A /* ProfileView.swift */,
				7449ED922B1CD63C0053C27A /* BaseProfileAndChatRequestView.swift */,
				7449ED962B1CD8FC0053C27A /* ChatRequestView.swift */,
			);
			path = Views;
			sourceTree = "<group>";
		};
		7480479E2B179F9500096001 /* SignIn&Auth */ = {
			isa = PBXGroup;
			children = (
				74E3368D2B1CF94A00B617E8 /* Auth */,
				74E3368F2B1CF97C00B617E8 /* SignUp */,
				74E336902B1CF98A00B617E8 /* Login */,
				74E3368E2B1CF96000B617E8 /* SetupProfile */,
			);
			path = "SignIn&Auth";
			sourceTree = "<group>";
		};
		7492BE3D2B0FFF34004AEE05 = {
			isa = PBXGroup;
			children = (
				7492BE482B0FFF34004AEE05 /* MySocialCircle */,
				7492BE472B0FFF34004AEE05 /* Products */,
				6F4AFEA96911EEC7EAF1BA8D /* Pods */,
				969AA4077AA95458BEF3C193 /* Frameworks */,
			);
			sourceTree = "<group>";
		};
		7492BE472B0FFF34004AEE05 /* Products */ = {
			isa = PBXGroup;
			children = (
				7492BE462B0FFF34004AEE05 /* MySocialCircle.app */,
			);
			name = Products;
			sourceTree = "<group>";
		};
		7492BE482B0FFF34004AEE05 /* MySocialCircle */ = {
			isa = PBXGroup;
			children = (
				7492BE5D2B0FFF81004AEE05 /* Application */,
				74CA08942B110C1400BEDBF3 /* Controllers */,
				7492BE5F2B100381004AEE05 /* Extention */,
				74E336982B1D0FEC00B617E8 /* Helpers */,
				742778CB2B19271800A942C9 /* Protocols */,
				7492BE5E2B0FFFBD004AEE05 /* Resources */,
				74E336912B1CFF8300B617E8 /* Services */,
				7480479E2B179F9500096001 /* SignIn&Auth */,
			);
			path = MySocialCircle;
			sourceTree = "<group>";
		};
		7492BE5D2B0FFF81004AEE05 /* Application */ = {
			isa = PBXGroup;
			children = (
				7492BE492B0FFF34004AEE05 /* AppDelegate.swift */,
				7492BE4B2B0FFF34004AEE05 /* SceneDelegate.swift */,
			);
			path = Application;
			sourceTree = "<group>";
		};
		7492BE5E2B0FFFBD004AEE05 /* Resources */ = {
			isa = PBXGroup;
			children = (
				7449ED832B1CB4180053C27A /* users.json */,
				742778BD2B19134F00A942C9 /* activeChats.json */,
				742778BE2B19134F00A942C9 /* waitingChats.json */,
				7492BE522B0FFF36004AEE05 /* Assets.xcassets */,
				7492BE542B0FFF36004AEE05 /* LaunchScreen.storyboard */,
				7492BE572B0FFF36004AEE05 /* Info.plist */,
				74F630582B1E40A400280333 /* GoogleService-Info.plist */,
			);
			path = Resources;
			sourceTree = "<group>";
		};
		7492BE5F2B100381004AEE05 /* Extention */ = {
			isa = PBXGroup;
			children = (
				74CA08952B110C2F00BEDBF3 /* AddPhotoView.swift */,
				7492BE602B1003A5004AEE05 /* ViewButton + Label.swift */,
				74CA08862B10F59600BEDBF3 /* OneLineTextField.swift */,
				742778C12B19143A00A942C9 /* Bundle-Decodable.swift */,
				742778C72B1923E200A942C9 /* GradientView.swift */,
				7492BE622B1003B6004AEE05 /* UIKit */,
				7449ED8E2B1CD1480053C27A /* InsertableTextField.swift */,
			);
			path = Extention;
			sourceTree = "<group>";
		};
		7492BE622B1003B6004AEE05 /* UIKit */ = {
			isa = PBXGroup;
			children = (
				7492BE662B1003D1004AEE05 /* UIButton + Ext.swift */,
				7492BE632B1003D1004AEE05 /* UIColor + Ext.swift */,
				7492BE652B1003D1004AEE05 /* UIFont + Ext.swift */,
				7492BE672B1003D1004AEE05 /* UIImage + Ext.swift */,
				7492BE642B1003D1004AEE05 /* UILabel + Ext.swift */,
				7492BE682B1003D2004AEE05 /* UIStackView + Ext.swift */,
				748588202B111D2A00F72139 /* SegmentedControl + Ext.swift */,
				7449ED852B1CC11E0053C27A /* UIViewcontroller + Ext.swift */,
				7449ED902B1CD18C0053C27A /* UIView + Ext.swift */,
			);
			path = UIKit;
			sourceTree = "<group>";
		};
		74CA08942B110C1400BEDBF3 /* Controllers */ = {
			isa = PBXGroup;
			children = (
				7449ED8B2B1CCB380053C27A /* Views */,
				7449ED792B1CAB6B0053C27A /* Headers */,
				7480479F2B17A28F00096001 /* MaintabBarController.swift */,
				748047A12B17A2E600096001 /* PeopleViewController.swift */,
				748047A32B17A2FC00096001 /* ConversationViewController.swift */,
				742778CC2B19284600A942C9 /* Cells */,
				7449ED892B1CCB040053C27A /* ProfileViewController.swift */,
				7449ED942B1CD88E0053C27A /* ChatRequestViewController.swift */,
			);
			path = Controllers;
			sourceTree = "<group>";
		};
		74E3368D2B1CF94A00B617E8 /* Auth */ = {
			isa = PBXGroup;
			children = (
				7492BE4D2B0FFF34004AEE05 /* AuthViewController.swift */,
				74CA08882B10F9F500BEDBF3 /* AuthView.swift */,
			);
			path = Auth;
			sourceTree = "<group>";
		};
		74E3368E2B1CF96000B617E8 /* SetupProfile */ = {
			isa = PBXGroup;
			children = (
				74CA08902B110BD900BEDBF3 /* SetupProfileViewController.swift */,
				74CA08922B110C0000BEDBF3 /* SetupProfileView.swift */,
			);
			path = SetupProfile;
			sourceTree = "<group>";
		};
		74E3368F2B1CF97C00B617E8 /* SignUp */ = {
			isa = PBXGroup;
			children = (
				74CA08842B10F07200BEDBF3 /* SignUpViewcontroller.swift */,
				74CA088A2B10FC6700BEDBF3 /* SignUpView.swift */,
			);
			path = SignUp;
			sourceTree = "<group>";
		};
		74E336902B1CF98A00B617E8 /* Login */ = {
			isa = PBXGroup;
			children = (
				74CA088C2B11039700BEDBF3 /* LoginViewController.swift */,
				74CA088E2B1103E900BEDBF3 /* LoginView.swift */,
			);
			path = Login;
			sourceTree = "<group>";
		};
		74E336912B1CFF8300B617E8 /* Services */ = {
			isa = PBXGroup;
			children = (
				7449ED7A2B1CABAD0053C27A /* Models */,
				74E336922B1CFFCE00B617E8 /* AuthService.swift */,
				74E3369B2B1D1BF100B617E8 /* FirestoreService.swift */,
			);
			path = Services;
			sourceTree = "<group>";
		};
		74E336982B1D0FEC00B617E8 /* Helpers */ = {
			isa = PBXGroup;
			children = (
				74E336942B1D08F000B617E8 /* Validator.swift */,
				74E336962B1D0CFF00B617E8 /* AuthError.swift */,
				74E3369D2B1D232200B617E8 /* UserError.swift */,
			);
			path = Helpers;
			sourceTree = "<group>";
		};
		969AA4077AA95458BEF3C193 /* Frameworks */ = {
			isa = PBXGroup;
			children = (
				74E3369F2B1D3C1600B617E8 /* AdSupport.framework */,
				CBCDB24929D890D25B6CE89B /* Pods_MySocialCircle.framework */,
			);
			name = Frameworks;
			sourceTree = "<group>";
		};
/* End PBXGroup section */

/* Begin PBXNativeTarget section */
		7492BE452B0FFF34004AEE05 /* MySocialCircle */ = {
			isa = PBXNativeTarget;
			buildConfigurationList = 7492BE5A2B0FFF36004AEE05 /* Build configuration list for PBXNativeTarget "MySocialCircle" */;
			buildPhases = (
				5C9AE33245C670A9478D6F53 /* [CP] Check Pods Manifest.lock */,
				7492BE422B0FFF34004AEE05 /* Sources */,
				7492BE432B0FFF34004AEE05 /* Frameworks */,
				7492BE442B0FFF34004AEE05 /* Resources */,
				96B0983B4B6E6CA978D951AB /* [CP] Embed Pods Frameworks */,
			);
			buildRules = (
			);
			dependencies = (
			);
			name = MySocialCircle;
			productName = MySocialCircle;
			productReference = 7492BE462B0FFF34004AEE05 /* MySocialCircle.app */;
			productType = "com.apple.product-type.application";
		};
/* End PBXNativeTarget section */

/* Begin PBXProject section */
		7492BE3E2B0FFF34004AEE05 /* Project object */ = {
			isa = PBXProject;
			attributes = {
				BuildIndependentTargetsInParallel = 1;
				LastSwiftUpdateCheck = 1500;
				LastUpgradeCheck = 1500;
				TargetAttributes = {
					7492BE452B0FFF34004AEE05 = {
						CreatedOnToolsVersion = 15.0.1;
					};
				};
			};
			buildConfigurationList = 7492BE412B0FFF34004AEE05 /* Build configuration list for PBXProject "MySocialCircle" */;
			compatibilityVersion = "Xcode 14.0";
			developmentRegion = en;
			hasScannedForEncodings = 0;
			knownRegions = (
				en,
				Base,
			);
			mainGroup = 7492BE3D2B0FFF34004AEE05;
			productRefGroup = 7492BE472B0FFF34004AEE05 /* Products */;
			projectDirPath = "";
			projectRoot = "";
			targets = (
				7492BE452B0FFF34004AEE05 /* MySocialCircle */,
			);
		};
/* End PBXProject section */

/* Begin PBXResourcesBuildPhase section */
		7492BE442B0FFF34004AEE05 /* Resources */ = {
			isa = PBXResourcesBuildPhase;
			buildActionMask = 2147483647;
			files = (
				7449ED842B1CB4180053C27A /* users.json in Resources */,
				7492BE562B0FFF36004AEE05 /* LaunchScreen.storyboard in Resources */,
				742778BF2B19134F00A942C9 /* activeChats.json in Resources */,
				7492BE532B0FFF36004AEE05 /* Assets.xcassets in Resources */,
				742778C02B19134F00A942C9 /* waitingChats.json in Resources */,
				74F630592B1E40A400280333 /* GoogleService-Info.plist in Resources */,
			);
			runOnlyForDeploymentPostprocessing = 0;
		};
/* End PBXResourcesBuildPhase section */

/* Begin PBXShellScriptBuildPhase section */
		5C9AE33245C670A9478D6F53 /* [CP] Check Pods Manifest.lock */ = {
			isa = PBXShellScriptBuildPhase;
			buildActionMask = 2147483647;
			files = (
			);
			inputFileListPaths = (
			);
			inputPaths = (
				"${PODS_PODFILE_DIR_PATH}/Podfile.lock",
				"${PODS_ROOT}/Manifest.lock",
			);
			name = "[CP] Check Pods Manifest.lock";
			outputFileListPaths = (
			);
			outputPaths = (
				"$(DERIVED_FILE_DIR)/Pods-MySocialCircle-checkManifestLockResult.txt",
			);
			runOnlyForDeploymentPostprocessing = 0;
			shellPath = /bin/sh;
			shellScript = "diff \"${PODS_PODFILE_DIR_PATH}/Podfile.lock\" \"${PODS_ROOT}/Manifest.lock\" > /dev/null\nif [ $? != 0 ] ; then\n    # print error to STDERR\n    echo \"error: The sandbox is not in sync with the Podfile.lock. Run 'pod install' or update your CocoaPods installation.\" >&2\n    exit 1\nfi\n# This output is used by Xcode 'outputs' to avoid re-running this script phase.\necho \"SUCCESS\" > \"${SCRIPT_OUTPUT_FILE_0}\"\n";
			showEnvVarsInLog = 0;
		};
		96B0983B4B6E6CA978D951AB /* [CP] Embed Pods Frameworks */ = {
			isa = PBXShellScriptBuildPhase;
			buildActionMask = 2147483647;
			files = (
			);
			inputFileListPaths = (
				"${PODS_ROOT}/Target Support Files/Pods-MySocialCircle/Pods-MySocialCircle-frameworks-${CONFIGURATION}-input-files.xcfilelist",
			);
			name = "[CP] Embed Pods Frameworks";
			outputFileListPaths = (
				"${PODS_ROOT}/Target Support Files/Pods-MySocialCircle/Pods-MySocialCircle-frameworks-${CONFIGURATION}-output-files.xcfilelist",
			);
			runOnlyForDeploymentPostprocessing = 0;
			shellPath = /bin/sh;
			shellScript = "\"${PODS_ROOT}/Target Support Files/Pods-MySocialCircle/Pods-MySocialCircle-frameworks.sh\"\n";
			showEnvVarsInLog = 0;
		};
/* End PBXShellScriptBuildPhase section */

/* Begin PBXSourcesBuildPhase section */
		7492BE422B0FFF34004AEE05 /* Sources */ = {
			isa = PBXSourcesBuildPhase;
			buildActionMask = 2147483647;
			files = (
				742778CA2B1926F100A942C9 /* SelfConfigurationCell.swift in Sources */,
				7449ED932B1CD63C0053C27A /* BaseProfileAndChatRequestView.swift in Sources */,
				74CA08872B10F59600BEDBF3 /* OneLineTextField.swift in Sources */,
				7492BE6A2B1003D2004AEE05 /* UILabel + Ext.swift in Sources */,
				74E336952B1D08F000B617E8 /* Validator.swift in Sources */,
				7449ED7E2B1CABEC0053C27A /* MUser.swift in Sources */,
				7492BE4E2B0FFF34004AEE05 /* AuthViewController.swift in Sources */,
				748047A22B17A2E600096001 /* PeopleViewController.swift in Sources */,
				74CA088D2B11039700BEDBF3 /* LoginViewController.swift in Sources */,
				74CA08932B110C0000BEDBF3 /* SetupProfileView.swift in Sources */,
				74CA08892B10F9F500BEDBF3 /* AuthView.swift in Sources */,
				7492BE612B1003A5004AEE05 /* ViewButton + Label.swift in Sources */,
				7449ED8F2B1CD1480053C27A /* InsertableTextField.swift in Sources */,
				742778C82B1923E200A942C9 /* GradientView.swift in Sources */,
				742778C42B1915A700A942C9 /* ActiveChatCell.swift in Sources */,
				7449ED8D2B1CCB4F0053C27A /* ProfileView.swift in Sources */,
				74E3369C2B1D1BF100B617E8 /* FirestoreService.swift in Sources */,
				742778CE2B19293100A942C9 /* SectionHeader.swift in Sources */,
				7492BE6D2B1003D2004AEE05 /* UIImage + Ext.swift in Sources */,
				748588212B111D2A00F72139 /* SegmentedControl + Ext.swift in Sources */,
				74CA08912B110BD900BEDBF3 /* SetupProfileViewController.swift in Sources */,
				7449ED862B1CC11E0053C27A /* UIViewcontroller + Ext.swift in Sources */,
				74E336972B1D0CFF00B617E8 /* AuthError.swift in Sources */,
				742778C22B19143A00A942C9 /* Bundle-Decodable.swift in Sources */,
				7492BE6B2B1003D2004AEE05 /* UIFont + Ext.swift in Sources */,
				74CA08962B110C2F00BEDBF3 /* AddPhotoView.swift in Sources */,
				7449ED882B1CC1900053C27A /* UserCell.swift in Sources */,
				7449ED952B1CD88E0053C27A /* ChatRequestViewController.swift in Sources */,
				7492BE692B1003D2004AEE05 /* UIColor + Ext.swift in Sources */,
				74E3369E2B1D232200B617E8 /* UserError.swift in Sources */,
				74CA08852B10F07200BEDBF3 /* SignUpViewcontroller.swift in Sources */,
				7492BE6C2B1003D2004AEE05 /* UIButton + Ext.swift in Sources */,
				7449ED8A2B1CCB040053C27A /* ProfileViewController.swift in Sources */,
				7449ED7C2B1CABBE0053C27A /* MChat.swift in Sources */,
				74E3369A2B1D136100B617E8 /* AuthNavigationDelegate.swift in Sources */,
				74CA088B2B10FC6800BEDBF3 /* SignUpView.swift in Sources */,
				742778C62B1915BC00A942C9 /* WaitingChatCell.swift in Sources */,
				7492BE6E2B1003D2004AEE05 /* UIStackView + Ext.swift in Sources */,
				748047A02B17A28F00096001 /* MaintabBarController.swift in Sources */,
				7492BE4A2B0FFF34004AEE05 /* AppDelegate.swift in Sources */,
				74CA088F2B1103E900BEDBF3 /* LoginView.swift in Sources */,
				74E336932B1CFFCE00B617E8 /* AuthService.swift in Sources */,
				7449ED972B1CD8FC0053C27A /* ChatRequestView.swift in Sources */,
				7492BE4C2B0FFF34004AEE05 /* SceneDelegate.swift in Sources */,
				748047A42B17A2FC00096001 /* ConversationViewController.swift in Sources */,
				7449ED912B1CD18C0053C27A /* UIView + Ext.swift in Sources */,
			);
			runOnlyForDeploymentPostprocessing = 0;
		};
/* End PBXSourcesBuildPhase section */

/* Begin PBXVariantGroup section */
		7492BE542B0FFF36004AEE05 /* LaunchScreen.storyboard */ = {
			isa = PBXVariantGroup;
			children = (
				7492BE552B0FFF36004AEE05 /* Base */,
			);
			name = LaunchScreen.storyboard;
			sourceTree = "<group>";
		};
/* End PBXVariantGroup section */

/* Begin XCBuildConfiguration section */
		7492BE582B0FFF36004AEE05 /* Debug */ = {
			isa = XCBuildConfiguration;
			buildSettings = {
				ALWAYS_SEARCH_USER_PATHS = NO;
				ASSETCATALOG_COMPILER_GENERATE_SWIFT_ASSET_SYMBOL_EXTENSIONS = YES;
				CLANG_ANALYZER_NONNULL = YES;
				CLANG_ANALYZER_NUMBER_OBJECT_CONVERSION = YES_AGGRESSIVE;
				CLANG_CXX_LANGUAGE_STANDARD = "gnu++20";
				CLANG_ENABLE_MODULES = YES;
				CLANG_ENABLE_OBJC_ARC = YES;
				CLANG_ENABLE_OBJC_WEAK = YES;
				CLANG_WARN_BLOCK_CAPTURE_AUTORELEASING = YES;
				CLANG_WARN_BOOL_CONVERSION = YES;
				CLANG_WARN_COMMA = YES;
				CLANG_WARN_CONSTANT_CONVERSION = YES;
				CLANG_WARN_DEPRECATED_OBJC_IMPLEMENTATIONS = YES;
				CLANG_WARN_DIRECT_OBJC_ISA_USAGE = YES_ERROR;
				CLANG_WARN_DOCUMENTATION_COMMENTS = YES;
				CLANG_WARN_EMPTY_BODY = YES;
				CLANG_WARN_ENUM_CONVERSION = YES;
				CLANG_WARN_INFINITE_RECURSION = YES;
				CLANG_WARN_INT_CONVERSION = YES;
				CLANG_WARN_NON_LITERAL_NULL_CONVERSION = YES;
				CLANG_WARN_OBJC_IMPLICIT_RETAIN_SELF = YES;
				CLANG_WARN_OBJC_LITERAL_CONVERSION = YES;
				CLANG_WARN_OBJC_ROOT_CLASS = YES_ERROR;
				CLANG_WARN_QUOTED_INCLUDE_IN_FRAMEWORK_HEADER = YES;
				CLANG_WARN_RANGE_LOOP_ANALYSIS = YES;
				CLANG_WARN_STRICT_PROTOTYPES = YES;
				CLANG_WARN_SUSPICIOUS_MOVE = YES;
				CLANG_WARN_UNGUARDED_AVAILABILITY = YES_AGGRESSIVE;
				CLANG_WARN_UNREACHABLE_CODE = YES;
				CLANG_WARN__DUPLICATE_METHOD_MATCH = YES;
				COPY_PHASE_STRIP = NO;
				DEBUG_INFORMATION_FORMAT = dwarf;
				ENABLE_STRICT_OBJC_MSGSEND = YES;
				ENABLE_TESTABILITY = YES;
				ENABLE_USER_SCRIPT_SANDBOXING = NO;
				GCC_C_LANGUAGE_STANDARD = gnu17;
				GCC_DYNAMIC_NO_PIC = NO;
				GCC_NO_COMMON_BLOCKS = YES;
				GCC_OPTIMIZATION_LEVEL = 0;
				GCC_PREPROCESSOR_DEFINITIONS = (
					"DEBUG=1",
					"$(inherited)",
				);
				GCC_WARN_64_TO_32_BIT_CONVERSION = YES;
				GCC_WARN_ABOUT_RETURN_TYPE = YES_ERROR;
				GCC_WARN_UNDECLARED_SELECTOR = YES;
				GCC_WARN_UNINITIALIZED_AUTOS = YES_AGGRESSIVE;
				GCC_WARN_UNUSED_FUNCTION = YES;
				GCC_WARN_UNUSED_VARIABLE = YES;
				IPHONEOS_DEPLOYMENT_TARGET = 17.0;
				LOCALIZATION_PREFERS_STRING_CATALOGS = YES;
				MTL_ENABLE_DEBUG_INFO = INCLUDE_SOURCE;
				MTL_FAST_MATH = YES;
				ONLY_ACTIVE_ARCH = YES;
				SDKROOT = iphoneos;
				SWIFT_ACTIVE_COMPILATION_CONDITIONS = "DEBUG $(inherited)";
				SWIFT_OPTIMIZATION_LEVEL = "-Onone";
			};
			name = Debug;
		};
		7492BE592B0FFF36004AEE05 /* Release */ = {
			isa = XCBuildConfiguration;
			buildSettings = {
				ALWAYS_SEARCH_USER_PATHS = NO;
				ASSETCATALOG_COMPILER_GENERATE_SWIFT_ASSET_SYMBOL_EXTENSIONS = YES;
				CLANG_ANALYZER_NONNULL = YES;
				CLANG_ANALYZER_NUMBER_OBJECT_CONVERSION = YES_AGGRESSIVE;
				CLANG_CXX_LANGUAGE_STANDARD = "gnu++20";
				CLANG_ENABLE_MODULES = YES;
				CLANG_ENABLE_OBJC_ARC = YES;
				CLANG_ENABLE_OBJC_WEAK = YES;
				CLANG_WARN_BLOCK_CAPTURE_AUTORELEASING = YES;
				CLANG_WARN_BOOL_CONVERSION = YES;
				CLANG_WARN_COMMA = YES;
				CLANG_WARN_CONSTANT_CONVERSION = YES;
				CLANG_WARN_DEPRECATED_OBJC_IMPLEMENTATIONS = YES;
				CLANG_WARN_DIRECT_OBJC_ISA_USAGE = YES_ERROR;
				CLANG_WARN_DOCUMENTATION_COMMENTS = YES;
				CLANG_WARN_EMPTY_BODY = YES;
				CLANG_WARN_ENUM_CONVERSION = YES;
				CLANG_WARN_INFINITE_RECURSION = YES;
				CLANG_WARN_INT_CONVERSION = YES;
				CLANG_WARN_NON_LITERAL_NULL_CONVERSION = YES;
				CLANG_WARN_OBJC_IMPLICIT_RETAIN_SELF = YES;
				CLANG_WARN_OBJC_LITERAL_CONVERSION = YES;
				CLANG_WARN_OBJC_ROOT_CLASS = YES_ERROR;
				CLANG_WARN_QUOTED_INCLUDE_IN_FRAMEWORK_HEADER = YES;
				CLANG_WARN_RANGE_LOOP_ANALYSIS = YES;
				CLANG_WARN_STRICT_PROTOTYPES = YES;
				CLANG_WARN_SUSPICIOUS_MOVE = YES;
				CLANG_WARN_UNGUARDED_AVAILABILITY = YES_AGGRESSIVE;
				CLANG_WARN_UNREACHABLE_CODE = YES;
				CLANG_WARN__DUPLICATE_METHOD_MATCH = YES;
				COPY_PHASE_STRIP = NO;
				DEBUG_INFORMATION_FORMAT = "dwarf-with-dsym";
				ENABLE_NS_ASSERTIONS = NO;
				ENABLE_STRICT_OBJC_MSGSEND = YES;
				ENABLE_USER_SCRIPT_SANDBOXING = NO;
				GCC_C_LANGUAGE_STANDARD = gnu17;
				GCC_NO_COMMON_BLOCKS = YES;
				GCC_WARN_64_TO_32_BIT_CONVERSION = YES;
				GCC_WARN_ABOUT_RETURN_TYPE = YES_ERROR;
				GCC_WARN_UNDECLARED_SELECTOR = YES;
				GCC_WARN_UNINITIALIZED_AUTOS = YES_AGGRESSIVE;
				GCC_WARN_UNUSED_FUNCTION = YES;
				GCC_WARN_UNUSED_VARIABLE = YES;
				IPHONEOS_DEPLOYMENT_TARGET = 17.0;
				LOCALIZATION_PREFERS_STRING_CATALOGS = YES;
				MTL_ENABLE_DEBUG_INFO = NO;
				MTL_FAST_MATH = YES;
				SDKROOT = iphoneos;
				SWIFT_COMPILATION_MODE = wholemodule;
				VALIDATE_PRODUCT = YES;
			};
			name = Release;
		};
		7492BE5B2B0FFF36004AEE05 /* Debug */ = {
			isa = XCBuildConfiguration;
			baseConfigurationReference = 6C658BCE9F822792CC3376F1 /* Pods-MySocialCircle.debug.xcconfig */;
			buildSettings = {
				ASSETCATALOG_COMPILER_APPICON_NAME = AppIcon;
				ASSETCATALOG_COMPILER_GLOBAL_ACCENT_COLOR_NAME = AccentColor;
				CODE_SIGN_STYLE = Automatic;
				CURRENT_PROJECT_VERSION = 1;
				DEVELOPMENT_TEAM = 7S58P9LH7H;
				GENERATE_INFOPLIST_FILE = YES;
				INFOPLIST_FILE = MySocialCircle/Resources/Info.plist;
				INFOPLIST_KEY_UIApplicationSupportsIndirectInputEvents = YES;
				INFOPLIST_KEY_UILaunchStoryboardName = LaunchScreen;
				INFOPLIST_KEY_UISupportedInterfaceOrientations = UIInterfaceOrientationPortrait;
				INFOPLIST_KEY_UISupportedInterfaceOrientations_iPad = "UIInterfaceOrientationLandscapeLeft UIInterfaceOrientationLandscapeRight UIInterfaceOrientationPortrait UIInterfaceOrientationPortraitUpsideDown";
				IPHONEOS_DEPLOYMENT_TARGET = 16.0;
				LD_RUNPATH_SEARCH_PATHS = (
					"$(inherited)",
					"@executable_path/Frameworks",
				);
				MARKETING_VERSION = 1.0;
				PRODUCT_BUNDLE_IDENTIFIER = com.romanKarasev.MySocialCircle;
				PRODUCT_NAME = "$(TARGET_NAME)";
				SWIFT_EMIT_LOC_STRINGS = YES;
				SWIFT_VERSION = 5.0;
				TARGETED_DEVICE_FAMILY = "1,2";
			};
			name = Debug;
		};
		7492BE5C2B0FFF36004AEE05 /* Release */ = {
			isa = XCBuildConfiguration;
			baseConfigurationReference = BAB588CB8C1683541CECE58D /* Pods-MySocialCircle.release.xcconfig */;
			buildSettings = {
				ASSETCATALOG_COMPILER_APPICON_NAME = AppIcon;
				ASSETCATALOG_COMPILER_GLOBAL_ACCENT_COLOR_NAME = AccentColor;
				CODE_SIGN_STYLE = Automatic;
				CURRENT_PROJECT_VERSION = 1;
				DEVELOPMENT_TEAM = 7S58P9LH7H;
				GENERATE_INFOPLIST_FILE = YES;
				INFOPLIST_FILE = MySocialCircle/Resources/Info.plist;
				INFOPLIST_KEY_UIApplicationSupportsIndirectInputEvents = YES;
				INFOPLIST_KEY_UILaunchStoryboardName = LaunchScreen;
				INFOPLIST_KEY_UISupportedInterfaceOrientations = UIInterfaceOrientationPortrait;
				INFOPLIST_KEY_UISupportedInterfaceOrientations_iPad = "UIInterfaceOrientationLandscapeLeft UIInterfaceOrientationLandscapeRight UIInterfaceOrientationPortrait UIInterfaceOrientationPortraitUpsideDown";
				IPHONEOS_DEPLOYMENT_TARGET = 16.0;
				LD_RUNPATH_SEARCH_PATHS = (
					"$(inherited)",
					"@executable_path/Frameworks",
				);
				MARKETING_VERSION = 1.0;
				PRODUCT_BUNDLE_IDENTIFIER = com.romanKarasev.MySocialCircle;
				PRODUCT_NAME = "$(TARGET_NAME)";
				SWIFT_EMIT_LOC_STRINGS = YES;
				SWIFT_VERSION = 5.0;
				TARGETED_DEVICE_FAMILY = "1,2";
			};
			name = Release;
		};
/* End XCBuildConfiguration section */

/* Begin XCConfigurationList section */
		7492BE412B0FFF34004AEE05 /* Build configuration list for PBXProject "MySocialCircle" */ = {
			isa = XCConfigurationList;
			buildConfigurations = (
				7492BE582B0FFF36004AEE05 /* Debug */,
				7492BE592B0FFF36004AEE05 /* Release */,
			);
			defaultConfigurationIsVisible = 0;
			defaultConfigurationName = Release;
		};
		7492BE5A2B0FFF36004AEE05 /* Build configuration list for PBXNativeTarget "MySocialCircle" */ = {
			isa = XCConfigurationList;
			buildConfigurations = (
				7492BE5B2B0FFF36004AEE05 /* Debug */,
				7492BE5C2B0FFF36004AEE05 /* Release */,
			);
			defaultConfigurationIsVisible = 0;
			defaultConfigurationName = Release;
		};
/* End XCConfigurationList section */
	};
	rootObject = 7492BE3E2B0FFF34004AEE05 /* Project object */;
}
